speakeasyVersion: 1.755.0
sources:
    factify-api:
        sourceNamespace: factify-api
        sourceRevisionDigest: sha256:22b8685367f5f812695b5ec847076a003d10ceebd15cfc644600b16086c2d9ef
        sourceBlobDigest: sha256:5caf1c898df4afb1934788dcb26c55b0109a2d64f8413fc7d46889f743392a33
        tags:
            - latest
            - 1.0.0
targets:
    python:
        source: factify-api
        sourceNamespace: factify-api
        sourceRevisionDigest: sha256:22b8685367f5f812695b5ec847076a003d10ceebd15cfc644600b16086c2d9ef
        sourceBlobDigest: sha256:5caf1c898df4afb1934788dcb26c55b0109a2d64f8413fc7d46889f743392a33
        codeSamplesNamespace: factify-api-python-code-samples
        codeSamplesRevisionDigest: sha256:9dde2a20f911cb6bb0e8561d4d3a44b5f49888859e1dbf6e99b24af1f650d2a4
workflow:
    workflowVersion: 1.0.0
    speakeasyVersion: latest
    sources:
        factify-api:
            inputs:
                - location: ./openapi.json
            registry:
                location: registry.speakeasyapi.dev/factify/api/factify-api
    targets:
        python:
            target: python
            source: factify-api
            output: .
            publish:
                pypi:
                    token: $pypi_token
            codeSamples:
                output: codeSamples.yaml
                registry:
                    location: registry.speakeasyapi.dev/factify/api/factify-api-python-code-samples
                style: standard
