speakeasyVersion: 1.761.9
sources:
    factify-api:
        sourceNamespace: factify-api
        sourceRevisionDigest: sha256:82da89544570dcf478aea1d840c1bb3d2106aa995afcf25ff7b27c852fc27249
        sourceBlobDigest: sha256:f4b16434ea3fc8d73067130c43c849f887a3df645a5448db0416ffd9cb0b55f9
        tags:
            - latest
            - 1.1.0-rc.4
targets:
    python:
        source: factify-api
        sourceNamespace: factify-api
        sourceRevisionDigest: sha256:82da89544570dcf478aea1d840c1bb3d2106aa995afcf25ff7b27c852fc27249
        sourceBlobDigest: sha256:f4b16434ea3fc8d73067130c43c849f887a3df645a5448db0416ffd9cb0b55f9
        codeSamplesNamespace: factify-api-python-code-samples
        codeSamplesRevisionDigest: sha256:e1c3fbe4c810f16aaea9081ed7007967719ac39cadb30c4d9057003e7baaa8cd
workflow:
    workflowVersion: 1.0.0
    speakeasyVersion: latest
    sources:
        factify-api:
            inputs:
                - location: ./openapi.json
            registry:
                location: registry.speakeasyapi.dev/factify/api/factify-api
    targets:
        python:
            target: python
            source: factify-api
            output: .
            publish:
                pypi:
                    token: $pypi_token
            codeSamples:
                output: codeSamples.yaml
                registry:
                    location: registry.speakeasyapi.dev/factify/api/factify-api-python-code-samples
                style: standard
