speakeasyVersion: 1.741.6
sources:
    factify-api:
        sourceNamespace: factify-api
        sourceRevisionDigest: sha256:e996ccef303c86eae6471c9c5a88083a249157574a708da543011a567b05ad52
        sourceBlobDigest: sha256:e2cfb0d762c038c2c540e61e52ff2850d30c3811aa1dacaa316693b46f2abc10
        tags:
            - latest
            - 1.0.0
targets:
    python:
        source: factify-api
        sourceNamespace: factify-api
        sourceRevisionDigest: sha256:e996ccef303c86eae6471c9c5a88083a249157574a708da543011a567b05ad52
        sourceBlobDigest: sha256:e2cfb0d762c038c2c540e61e52ff2850d30c3811aa1dacaa316693b46f2abc10
        codeSamplesNamespace: factify-api-python-code-samples
        codeSamplesRevisionDigest: sha256:8f12d61e3ac6c06ff1d474063aca7a38fe74d6297be175fca07f9729977bfe33
workflow:
    workflowVersion: 1.0.0
    speakeasyVersion: latest
    sources:
        factify-api:
            inputs:
                - location: ./openapi.json
            registry:
                location: registry.speakeasyapi.dev/factify/api/factify-api
    targets:
        python:
            target: python
            source: factify-api
            output: .
            publish:
                pypi:
                    token: $pypi_token
            codeSamples:
                output: codeSamples.yaml
                registry:
                    location: registry.speakeasyapi.dev/factify/api/factify-api-python-code-samples
                style: standard
